
Microsoft Visual Studio Solution File, Format Version 12.00
Project("{2150E333-8FDC-42A3-9474-1A3956D46DE8}") = "src", "src", "{A4956229-BBD7-40EE-8A78-B1B059D522AC}"
EndProject
Project("{2150E333-8FDC-42A3-9474-1A3956D46DE8}") = "Core", "Core", "{14994C19-C9C1-4D43-B588-BE4F4D3B0E91}"
EndProject
Project("{FAE04EC0-301F-11D3-BF4B-00C04F79EFBC}") = "Domain", "src\Core\Domain\Domain.csproj", "{566110D3-B9C0-4749-A94C-AD1CA9426A19}"
EndProject
Project("{FAE04EC0-301F-11D3-BF4B-00C04F79EFBC}") = "Application", "src\Core\Application\Application.csproj", "{5C4291E6-174D-4CE1-935C-2BD3B24A599D}"
EndProject
Project("{2150E333-8FDC-42A3-9474-1A3956D46DE8}") = "Infrastructure", "Infrastructure", "{A5F6C1DF-C92C-429E-B0AA-33647D043085}"
EndProject
Project("{FAE04EC0-301F-11D3-BF4B-00C04F79EFBC}") = "Infrastructure", "src\Infrastructure\Infrastructure\Infrastructure.csproj", "{C59F4264-671E-4564-8D22-3401892CA10F}"
EndProject
Project("{FAE04EC0-301F-11D3-BF4B-00C04F79EFBC}") = "Infrastructure.Persistence", "src\Infrastructure\Infrastructure.Persistence\Infrastructure.Persistence.csproj", "{AB843EE7-0EC3-4F38-9CA3-7845649A307D}"
EndProject
Project("{FAE04EC0-301F-11D3-BF4B-00C04F79EFBC}") = "WebApi", "src\WebApi\WebApi.csproj", "{C0883AE1-FD86-4CE3-B130-182373267A81}"
EndProject
Project("{2150E333-8FDC-42A3-9474-1A3956D46DE8}") = "tests", "tests", "{530AFDB2-3957-4884-ACE1-5D5ADF10E60A}"
EndProject
Project("{FAE04EC0-301F-11D3-BF4B-00C04F79EFBC}") = "UnitTest", "tests\UnitTest\UnitTest.csproj", "{47B604DA-5CB6-4759-B563-E831323BF929}"
EndProject
Project("{FAE04EC0-301F-11D3-BF4B-00C04F79EFBC}") = "IntegrationTest", "tests\IntegrationTest\IntegrationTest.csproj", "{14D40C6B-83B9-4076-A79C-56EFAC40E06C}"
EndProject
Global
	GlobalSection(SolutionConfigurationPlatforms) = preSolution
		Debug|Any CPU = Debug|Any CPU
		Release|Any CPU = Release|Any CPU
	EndGlobalSection
	GlobalSection(ProjectConfigurationPlatforms) = postSolution
		{566110D3-B9C0-4749-A94C-AD1CA9426A19}.Debug|Any CPU.ActiveCfg = Debug|Any CPU
		{566110D3-B9C0-4749-A94C-AD1CA9426A19}.Debug|Any CPU.Build.0 = Debug|Any CPU
		{566110D3-B9C0-4749-A94C-AD1CA9426A19}.Release|Any CPU.ActiveCfg = Release|Any CPU
		{566110D3-B9C0-4749-A94C-AD1CA9426A19}.Release|Any CPU.Build.0 = Release|Any CPU
		{5C4291E6-174D-4CE1-935C-2BD3B24A599D}.Debug|Any CPU.ActiveCfg = Debug|Any CPU
		{5C4291E6-174D-4CE1-935C-2BD3B24A599D}.Debug|Any CPU.Build.0 = Debug|Any CPU
		{5C4291E6-174D-4CE1-935C-2BD3B24A599D}.Release|Any CPU.ActiveCfg = Release|Any CPU
		{5C4291E6-174D-4CE1-935C-2BD3B24A599D}.Release|Any CPU.Build.0 = Release|Any CPU
		{C59F4264-671E-4564-8D22-3401892CA10F}.Debug|Any CPU.ActiveCfg = Debug|Any CPU
		{C59F4264-671E-4564-8D22-3401892CA10F}.Debug|Any CPU.Build.0 = Debug|Any CPU
		{C59F4264-671E-4564-8D22-3401892CA10F}.Release|Any CPU.ActiveCfg = Release|Any CPU
		{C59F4264-671E-4564-8D22-3401892CA10F}.Release|Any CPU.Build.0 = Release|Any CPU
		{AB843EE7-0EC3-4F38-9CA3-7845649A307D}.Debug|Any CPU.ActiveCfg = Debug|Any CPU
		{AB843EE7-0EC3-4F38-9CA3-7845649A307D}.Debug|Any CPU.Build.0 = Debug|Any CPU
		{AB843EE7-0EC3-4F38-9CA3-7845649A307D}.Release|Any CPU.ActiveCfg = Release|Any CPU
		{AB843EE7-0EC3-4F38-9CA3-7845649A307D}.Release|Any CPU.Build.0 = Release|Any CPU
		{C0883AE1-FD86-4CE3-B130-182373267A81}.Debug|Any CPU.ActiveCfg = Debug|Any CPU
		{C0883AE1-FD86-4CE3-B130-182373267A81}.Debug|Any CPU.Build.0 = Debug|Any CPU
		{C0883AE1-FD86-4CE3-B130-182373267A81}.Release|Any CPU.ActiveCfg = Release|Any CPU
		{C0883AE1-FD86-4CE3-B130-182373267A81}.Release|Any CPU.Build.0 = Release|Any CPU
		{47B604DA-5CB6-4759-B563-E831323BF929}.Debug|Any CPU.ActiveCfg = Debug|Any CPU
		{47B604DA-5CB6-4759-B563-E831323BF929}.Debug|Any CPU.Build.0 = Debug|Any CPU
		{47B604DA-5CB6-4759-B563-E831323BF929}.Release|Any CPU.ActiveCfg = Release|Any CPU
		{47B604DA-5CB6-4759-B563-E831323BF929}.Release|Any CPU.Build.0 = Release|Any CPU
		{14D40C6B-83B9-4076-A79C-56EFAC40E06C}.Debug|Any CPU.ActiveCfg = Debug|Any CPU
		{14D40C6B-83B9-4076-A79C-56EFAC40E06C}.Debug|Any CPU.Build.0 = Debug|Any CPU
		{14D40C6B-83B9-4076-A79C-56EFAC40E06C}.Release|Any CPU.ActiveCfg = Release|Any CPU
		{14D40C6B-83B9-4076-A79C-56EFAC40E06C}.Release|Any CPU.Build.0 = Release|Any CPU
	EndGlobalSection
	GlobalSection(NestedProjects) = preSolution
		{14994C19-C9C1-4D43-B588-BE4F4D3B0E91} = {A4956229-BBD7-40EE-8A78-B1B059D522AC}
		{566110D3-B9C0-4749-A94C-AD1CA9426A19} = {14994C19-C9C1-4D43-B588-BE4F4D3B0E91}
		{5C4291E6-174D-4CE1-935C-2BD3B24A599D} = {14994C19-C9C1-4D43-B588-BE4F4D3B0E91}
		{A5F6C1DF-C92C-429E-B0AA-33647D043085} = {A4956229-BBD7-40EE-8A78-B1B059D522AC}
		{C59F4264-671E-4564-8D22-3401892CA10F} = {A5F6C1DF-C92C-429E-B0AA-33647D043085}
		{AB843EE7-0EC3-4F38-9CA3-7845649A307D} = {A5F6C1DF-C92C-429E-B0AA-33647D043085}
		{C0883AE1-FD86-4CE3-B130-182373267A81} = {A4956229-BBD7-40EE-8A78-B1B059D522AC}
		{47B604DA-5CB6-4759-B563-E831323BF929} = {530AFDB2-3957-4884-ACE1-5D5ADF10E60A}
		{14D40C6B-83B9-4076-A79C-56EFAC40E06C} = {530AFDB2-3957-4884-ACE1-5D5ADF10E60A}
	EndGlobalSection
EndGlobal
